
Microsoft Visual Studio Solution File, Format Version 11.00
# Visual Studio 2010
Project("{FAE04EC0-301F-11D3-BF4B-00C04F79EFBC}") = "CW.Common", "CW.Common.csproj", "{09d68196-02b4-8825-fc66-bbbfcec5b217}"
EndProject
Project("{FAE04EC0-301F-11D3-BF4B-00C04F79EFBC}") = "Assembly-CSharp", "Assembly-CSharp.csproj", "{9fd9b423-e545-a12e-3b1d-83705c94ecf7}"
EndProject
Project("{FAE04EC0-301F-11D3-BF4B-00C04F79EFBC}") = "LeanTouch", "LeanTouch.csproj", "{e8839a3a-811b-eb38-793b-3984b04986b1}"
EndProject
Project("{FAE04EC0-301F-11D3-BF4B-00C04F79EFBC}") = "LeanCommon", "LeanCommon.csproj", "{bf36a914-9d9e-0fc6-b3f9-08029d5f28c6}"
EndProject
Project("{FAE04EC0-301F-11D3-BF4B-00C04F79EFBC}") = "Assembly-CSharp-firstpass", "Assembly-CSharp-firstpass.csproj", "{c71d8f30-b088-d7e0-462f-51e58d5b761b}"
EndProject
Project("{FAE04EC0-301F-11D3-BF4B-00C04F79EFBC}") = "Assembly-CSharp-Editor", "Assembly-CSharp-Editor.csproj", "{e732d830-42a6-3087-8f46-62856e29e2ea}"
EndProject
Global
	GlobalSection(SolutionConfigurationPlatforms) = preSolution
		Debug|Any CPU = Debug|Any CPU
	EndGlobalSection
	GlobalSection(ProjectConfigurationPlatforms) = postSolution
		{09d68196-02b4-8825-fc66-bbbfcec5b217}.Debug|Any CPU.ActiveCfg = Debug|Any CPU
		{09d68196-02b4-8825-fc66-bbbfcec5b217}.Debug|Any CPU.Build.0 = Debug|Any CPU
		{9fd9b423-e545-a12e-3b1d-83705c94ecf7}.Debug|Any CPU.ActiveCfg = Debug|Any CPU
		{9fd9b423-e545-a12e-3b1d-83705c94ecf7}.Debug|Any CPU.Build.0 = Debug|Any CPU
		{e8839a3a-811b-eb38-793b-3984b04986b1}.Debug|Any CPU.ActiveCfg = Debug|Any CPU
		{e8839a3a-811b-eb38-793b-3984b04986b1}.Debug|Any CPU.Build.0 = Debug|Any CPU
		{bf36a914-9d9e-0fc6-b3f9-08029d5f28c6}.Debug|Any CPU.ActiveCfg = Debug|Any CPU
		{bf36a914-9d9e-0fc6-b3f9-08029d5f28c6}.Debug|Any CPU.Build.0 = Debug|Any CPU
		{c71d8f30-b088-d7e0-462f-51e58d5b761b}.Debug|Any CPU.ActiveCfg = Debug|Any CPU
		{c71d8f30-b088-d7e0-462f-51e58d5b761b}.Debug|Any CPU.Build.0 = Debug|Any CPU
		{e732d830-42a6-3087-8f46-62856e29e2ea}.Debug|Any CPU.ActiveCfg = Debug|Any CPU
		{e732d830-42a6-3087-8f46-62856e29e2ea}.Debug|Any CPU.Build.0 = Debug|Any CPU
	EndGlobalSection
	GlobalSection(SolutionProperties) = preSolution
		HideSolutionNode = FALSE
	EndGlobalSection
EndGlobal
